
Microsoft Visual Studio Solution File, Format Version 12.00
# Visual Studio Version 17
Project("{8BC9CEB8-8B4A-11D0-8D11-00A0C91BC942}") = "gmsv_writetocfg", "gmsv_writetocfg.vcxproj", "{9FCA42B7-0B56-B07B-1467-337080710C7C}"
EndProject
Project("{2150E333-8FDC-42A3-9474-1A3956D46DE8}") = "SourceSDK", "SourceSDK", "{FF11452E-6B9D-B2F2-74AE-35E7E0B80EF3}"
EndProject
Project("{8BC9CEB8-8B4A-11D0-8D11-00A0C91BC942}") = "LZMA", "..\..\..\garrysmod_common\sourcesdk-minimal\projects\windows\vs2022\LZMA.vcxproj", "{5945887C-457C-890D-EE68-6F10DA7E050F}"
EndProject
Project("{8BC9CEB8-8B4A-11D0-8D11-00A0C91BC942}") = "tier1", "..\..\..\garrysmod_common\sourcesdk-minimal\projects\windows\vs2022\tier1.vcxproj", "{EA6A6D10-567F-95C1-1F01-39218BD491F2}"
EndProject
Project("{2150E333-8FDC-42A3-9474-1A3956D46DE8}") = "garrysmod_common", "garrysmod_common", "{2C3D1EE4-1837-4736-01A4-DD46ED3CADA2}"
EndProject
Project("{8BC9CEB8-8B4A-11D0-8D11-00A0C91BC942}") = "detouring", "..\..\..\garrysmod_common\detouring\projects\windows\vs2022\detouring.vcxproj", "{76548795-E2BE-3B0C-2BFD-ECB197A61961}"
EndProject
Project("{8BC9CEB8-8B4A-11D0-8D11-00A0C91BC942}") = "hde", "..\..\..\garrysmod_common\detouring\projects\windows\vs2022\hde.vcxproj", "{967A880B-0284-887C-8BFF-9E7CF707947C}"
EndProject
Project("{8BC9CEB8-8B4A-11D0-8D11-00A0C91BC942}") = "helpers", "..\..\..\garrysmod_common\projects\windows\vs2022\helpers.vcxproj", "{F8D0E23C-64B0-61D8-6DC8-ECAED926C839}"
EndProject
Project("{8BC9CEB8-8B4A-11D0-8D11-00A0C91BC942}") = "lua_shared", "..\..\..\garrysmod_common\projects\windows\vs2022\lua_shared.vcxproj", "{5D4BA350-4903-E59D-B20A-BEF99EE17F8E}"
EndProject
Project("{8BC9CEB8-8B4A-11D0-8D11-00A0C91BC942}") = "minhook", "..\..\..\garrysmod_common\detouring\projects\windows\vs2022\minhook.vcxproj", "{5A9B3AC7-C67A-B962-CF92-44393BF11FC4}"
EndProject
Project("{8BC9CEB8-8B4A-11D0-8D11-00A0C91BC942}") = "scanning", "..\..\..\garrysmod_common\scanning\projects\windows\vs2022\scanning.vcxproj", "{1675544C-0242-AF57-2B5B-9DFF1787E4E5}"
EndProject
Global
	GlobalSection(SolutionConfigurationPlatforms) = preSolution
		Debug|Win32 = Debug|Win32
		ReleaseWithSymbols|Win32 = ReleaseWithSymbols|Win32
		Release|Win32 = Release|Win32
	EndGlobalSection
	GlobalSection(SolutionConfigurationPlatforms) = preSolution
	EndGlobalSection
	GlobalSection(ProjectConfigurationPlatforms) = postSolution
		{9FCA42B7-0B56-B07B-1467-337080710C7C}.Debug|Win32.ActiveCfg = Debug|Win32
		{9FCA42B7-0B56-B07B-1467-337080710C7C}.Debug|Win32.Build.0 = Debug|Win32
		{9FCA42B7-0B56-B07B-1467-337080710C7C}.ReleaseWithSymbols|Win32.ActiveCfg = ReleaseWithSymbols|Win32
		{9FCA42B7-0B56-B07B-1467-337080710C7C}.ReleaseWithSymbols|Win32.Build.0 = ReleaseWithSymbols|Win32
		{9FCA42B7-0B56-B07B-1467-337080710C7C}.Release|Win32.ActiveCfg = Release|Win32
		{9FCA42B7-0B56-B07B-1467-337080710C7C}.Release|Win32.Build.0 = Release|Win32
		{5945887C-457C-890D-EE68-6F10DA7E050F}.Debug|Win32.ActiveCfg = Debug|Win32
		{5945887C-457C-890D-EE68-6F10DA7E050F}.Debug|Win32.Build.0 = Debug|Win32
		{5945887C-457C-890D-EE68-6F10DA7E050F}.ReleaseWithSymbols|Win32.ActiveCfg = ReleaseWithSymbols|Win32
		{5945887C-457C-890D-EE68-6F10DA7E050F}.ReleaseWithSymbols|Win32.Build.0 = ReleaseWithSymbols|Win32
		{5945887C-457C-890D-EE68-6F10DA7E050F}.Release|Win32.ActiveCfg = Release|Win32
		{5945887C-457C-890D-EE68-6F10DA7E050F}.Release|Win32.Build.0 = Release|Win32
		{EA6A6D10-567F-95C1-1F01-39218BD491F2}.Debug|Win32.ActiveCfg = Debug|Win32
		{EA6A6D10-567F-95C1-1F01-39218BD491F2}.Debug|Win32.Build.0 = Debug|Win32
		{EA6A6D10-567F-95C1-1F01-39218BD491F2}.ReleaseWithSymbols|Win32.ActiveCfg = ReleaseWithSymbols|Win32
		{EA6A6D10-567F-95C1-1F01-39218BD491F2}.ReleaseWithSymbols|Win32.Build.0 = ReleaseWithSymbols|Win32
		{EA6A6D10-567F-95C1-1F01-39218BD491F2}.Release|Win32.ActiveCfg = Release|Win32
		{EA6A6D10-567F-95C1-1F01-39218BD491F2}.Release|Win32.Build.0 = Release|Win32
		{76548795-E2BE-3B0C-2BFD-ECB197A61961}.Debug|Win32.ActiveCfg = Debug|Win32
		{76548795-E2BE-3B0C-2BFD-ECB197A61961}.Debug|Win32.Build.0 = Debug|Win32
		{76548795-E2BE-3B0C-2BFD-ECB197A61961}.ReleaseWithSymbols|Win32.ActiveCfg = ReleaseWithSymbols|Win32
		{76548795-E2BE-3B0C-2BFD-ECB197A61961}.ReleaseWithSymbols|Win32.Build.0 = ReleaseWithSymbols|Win32
		{76548795-E2BE-3B0C-2BFD-ECB197A61961}.Release|Win32.ActiveCfg = Release|Win32
		{76548795-E2BE-3B0C-2BFD-ECB197A61961}.Release|Win32.Build.0 = Release|Win32
		{967A880B-0284-887C-8BFF-9E7CF707947C}.Debug|Win32.ActiveCfg = Debug|Win32
		{967A880B-0284-887C-8BFF-9E7CF707947C}.Debug|Win32.Build.0 = Debug|Win32
		{967A880B-0284-887C-8BFF-9E7CF707947C}.ReleaseWithSymbols|Win32.ActiveCfg = ReleaseWithSymbols|Win32
		{967A880B-0284-887C-8BFF-9E7CF707947C}.ReleaseWithSymbols|Win32.Build.0 = ReleaseWithSymbols|Win32
		{967A880B-0284-887C-8BFF-9E7CF707947C}.Release|Win32.ActiveCfg = Release|Win32
		{967A880B-0284-887C-8BFF-9E7CF707947C}.Release|Win32.Build.0 = Release|Win32
		{F8D0E23C-64B0-61D8-6DC8-ECAED926C839}.Debug|Win32.ActiveCfg = Debug|Win32
		{F8D0E23C-64B0-61D8-6DC8-ECAED926C839}.Debug|Win32.Build.0 = Debug|Win32
		{F8D0E23C-64B0-61D8-6DC8-ECAED926C839}.ReleaseWithSymbols|Win32.ActiveCfg = ReleaseWithSymbols|Win32
		{F8D0E23C-64B0-61D8-6DC8-ECAED926C839}.ReleaseWithSymbols|Win32.Build.0 = ReleaseWithSymbols|Win32
		{F8D0E23C-64B0-61D8-6DC8-ECAED926C839}.Release|Win32.ActiveCfg = Release|Win32
		{F8D0E23C-64B0-61D8-6DC8-ECAED926C839}.Release|Win32.Build.0 = Release|Win32
		{5D4BA350-4903-E59D-B20A-BEF99EE17F8E}.Debug|Win32.ActiveCfg = Debug|Win32
		{5D4BA350-4903-E59D-B20A-BEF99EE17F8E}.Debug|Win32.Build.0 = Debug|Win32
		{5D4BA350-4903-E59D-B20A-BEF99EE17F8E}.ReleaseWithSymbols|Win32.ActiveCfg = ReleaseWithSymbols|Win32
		{5D4BA350-4903-E59D-B20A-BEF99EE17F8E}.ReleaseWithSymbols|Win32.Build.0 = ReleaseWithSymbols|Win32
		{5D4BA350-4903-E59D-B20A-BEF99EE17F8E}.Release|Win32.ActiveCfg = Release|Win32
		{5D4BA350-4903-E59D-B20A-BEF99EE17F8E}.Release|Win32.Build.0 = Release|Win32
		{5A9B3AC7-C67A-B962-CF92-44393BF11FC4}.Debug|Win32.ActiveCfg = Debug|Win32
		{5A9B3AC7-C67A-B962-CF92-44393BF11FC4}.Debug|Win32.Build.0 = Debug|Win32
		{5A9B3AC7-C67A-B962-CF92-44393BF11FC4}.ReleaseWithSymbols|Win32.ActiveCfg = ReleaseWithSymbols|Win32
		{5A9B3AC7-C67A-B962-CF92-44393BF11FC4}.ReleaseWithSymbols|Win32.Build.0 = ReleaseWithSymbols|Win32
		{5A9B3AC7-C67A-B962-CF92-44393BF11FC4}.Release|Win32.ActiveCfg = Release|Win32
		{5A9B3AC7-C67A-B962-CF92-44393BF11FC4}.Release|Win32.Build.0 = Release|Win32
		{1675544C-0242-AF57-2B5B-9DFF1787E4E5}.Debug|Win32.ActiveCfg = Debug|Win32
		{1675544C-0242-AF57-2B5B-9DFF1787E4E5}.Debug|Win32.Build.0 = Debug|Win32
		{1675544C-0242-AF57-2B5B-9DFF1787E4E5}.ReleaseWithSymbols|Win32.ActiveCfg = ReleaseWithSymbols|Win32
		{1675544C-0242-AF57-2B5B-9DFF1787E4E5}.ReleaseWithSymbols|Win32.Build.0 = ReleaseWithSymbols|Win32
		{1675544C-0242-AF57-2B5B-9DFF1787E4E5}.Release|Win32.ActiveCfg = Release|Win32
		{1675544C-0242-AF57-2B5B-9DFF1787E4E5}.Release|Win32.Build.0 = Release|Win32
	EndGlobalSection
	GlobalSection(SolutionProperties) = preSolution
		HideSolutionNode = FALSE
	EndGlobalSection
	GlobalSection(NestedProjects) = preSolution
		{5945887C-457C-890D-EE68-6F10DA7E050F} = {FF11452E-6B9D-B2F2-74AE-35E7E0B80EF3}
		{EA6A6D10-567F-95C1-1F01-39218BD491F2} = {FF11452E-6B9D-B2F2-74AE-35E7E0B80EF3}
		{76548795-E2BE-3B0C-2BFD-ECB197A61961} = {2C3D1EE4-1837-4736-01A4-DD46ED3CADA2}
		{967A880B-0284-887C-8BFF-9E7CF707947C} = {2C3D1EE4-1837-4736-01A4-DD46ED3CADA2}
		{F8D0E23C-64B0-61D8-6DC8-ECAED926C839} = {2C3D1EE4-1837-4736-01A4-DD46ED3CADA2}
		{5D4BA350-4903-E59D-B20A-BEF99EE17F8E} = {2C3D1EE4-1837-4736-01A4-DD46ED3CADA2}
		{5A9B3AC7-C67A-B962-CF92-44393BF11FC4} = {2C3D1EE4-1837-4736-01A4-DD46ED3CADA2}
		{1675544C-0242-AF57-2B5B-9DFF1787E4E5} = {2C3D1EE4-1837-4736-01A4-DD46ED3CADA2}
	EndGlobalSection
EndGlobal
